
Microsoft Visual Studio Solution File, Format Version 12.00
# Visual Studio Version 18
VisualStudioVersion = 18.1.11312.151 d18.0
MinimumVisualStudioVersion = 10.0.40219.1
Project("{FAE04EC0-301F-11D3-BF4B-00C04F79EFBC}") = "Barber.Flow.Domain", "BarberFlow.Domain\Barber.Flow.Domain.csproj", "{F2D728EC-1A0D-48DC-9E38-720841805B80}"
EndProject
Project("{FAE04EC0-301F-11D3-BF4B-00C04F79EFBC}") = "Barber.Flow.Application", "BarberFlow.Application\Barber.Flow.Application.csproj", "{3967B76E-8609-42F3-BD13-CAEE9BE3FB68}"
EndProject
Project("{FAE04EC0-301F-11D3-BF4B-00C04F79EFBC}") = "Barber.Flow.Infrastructure", "BarberFlow.Infrastructure\Barber.Flow.Infrastructure.csproj", "{68A4B49D-4D49-4273-B8A9-542851D8E1C7}"
EndProject
Project("{FAE04EC0-301F-11D3-BF4B-00C04F79EFBC}") = "Barber.Flow.Api", "Barber.Flow.Api\Barber.Flow.Api.csproj", "{79FB333A-0C18-4E2A-9ED2-8C88735B9353}"
EndProject
Global
	GlobalSection(SolutionConfigurationPlatforms) = preSolution
		Debug|Any CPU = Debug|Any CPU
		Debug|x64 = Debug|x64
		Debug|x86 = Debug|x86
		Release|Any CPU = Release|Any CPU
		Release|x64 = Release|x64
		Release|x86 = Release|x86
	EndGlobalSection
	GlobalSection(ProjectConfigurationPlatforms) = postSolution
		{F2D728EC-1A0D-48DC-9E38-720841805B80}.Debug|Any CPU.ActiveCfg = Debug|Any CPU
		{F2D728EC-1A0D-48DC-9E38-720841805B80}.Debug|Any CPU.Build.0 = Debug|Any CPU
		{F2D728EC-1A0D-48DC-9E38-720841805B80}.Debug|x64.ActiveCfg = Debug|Any CPU
		{F2D728EC-1A0D-48DC-9E38-720841805B80}.Debug|x64.Build.0 = Debug|Any CPU
		{F2D728EC-1A0D-48DC-9E38-720841805B80}.Debug|x86.ActiveCfg = Debug|Any CPU
		{F2D728EC-1A0D-48DC-9E38-720841805B80}.Debug|x86.Build.0 = Debug|Any CPU
		{F2D728EC-1A0D-48DC-9E38-720841805B80}.Release|Any CPU.ActiveCfg = Release|Any CPU
		{F2D728EC-1A0D-48DC-9E38-720841805B80}.Release|Any CPU.Build.0 = Release|Any CPU
		{F2D728EC-1A0D-48DC-9E38-720841805B80}.Release|x64.ActiveCfg = Release|Any CPU
		{F2D728EC-1A0D-48DC-9E38-720841805B80}.Release|x64.Build.0 = Release|Any CPU
		{F2D728EC-1A0D-48DC-9E38-720841805B80}.Release|x86.ActiveCfg = Release|Any CPU
		{F2D728EC-1A0D-48DC-9E38-720841805B80}.Release|x86.Build.0 = Release|Any CPU
		{3967B76E-8609-42F3-BD13-CAEE9BE3FB68}.Debug|Any CPU.ActiveCfg = Debug|Any CPU
		{3967B76E-8609-42F3-BD13-CAEE9BE3FB68}.Debug|Any CPU.Build.0 = Debug|Any CPU
		{3967B76E-8609-42F3-BD13-CAEE9BE3FB68}.Debug|x64.ActiveCfg = Debug|Any CPU
		{3967B76E-8609-42F3-BD13-CAEE9BE3FB68}.Debug|x64.Build.0 = Debug|Any CPU
		{3967B76E-8609-42F3-BD13-CAEE9BE3FB68}.Debug|x86.ActiveCfg = Debug|Any CPU
		{3967B76E-8609-42F3-BD13-CAEE9BE3FB68}.Debug|x86.Build.0 = Debug|Any CPU
		{3967B76E-8609-42F3-BD13-CAEE9BE3FB68}.Release|Any CPU.ActiveCfg = Release|Any CPU
		{3967B76E-8609-42F3-BD13-CAEE9BE3FB68}.Release|Any CPU.Build.0 = Release|Any CPU
		{3967B76E-8609-42F3-BD13-CAEE9BE3FB68}.Release|x64.ActiveCfg = Release|Any CPU
		{3967B76E-8609-42F3-BD13-CAEE9BE3FB68}.Release|x64.Build.0 = Release|Any CPU
		{3967B76E-8609-42F3-BD13-CAEE9BE3FB68}.Release|x86.ActiveCfg = Release|Any CPU
		{3967B76E-8609-42F3-BD13-CAEE9BE3FB68}.Release|x86.Build.0 = Release|Any CPU
		{68A4B49D-4D49-4273-B8A9-542851D8E1C7}.Debug|Any CPU.ActiveCfg = Debug|Any CPU
		{68A4B49D-4D49-4273-B8A9-542851D8E1C7}.Debug|Any CPU.Build.0 = Debug|Any CPU
		{68A4B49D-4D49-4273-B8A9-542851D8E1C7}.Debug|x64.ActiveCfg = Debug|Any CPU
		{68A4B49D-4D49-4273-B8A9-542851D8E1C7}.Debug|x64.Build.0 = Debug|Any CPU
		{68A4B49D-4D49-4273-B8A9-542851D8E1C7}.Debug|x86.ActiveCfg = Debug|Any CPU
		{68A4B49D-4D49-4273-B8A9-542851D8E1C7}.Debug|x86.Build.0 = Debug|Any CPU
		{68A4B49D-4D49-4273-B8A9-542851D8E1C7}.Release|Any CPU.ActiveCfg = Release|Any CPU
		{68A4B49D-4D49-4273-B8A9-542851D8E1C7}.Release|Any CPU.Build.0 = Release|Any CPU
		{68A4B49D-4D49-4273-B8A9-542851D8E1C7}.Release|x64.ActiveCfg = Release|Any CPU
		{68A4B49D-4D49-4273-B8A9-542851D8E1C7}.Release|x64.Build.0 = Release|Any CPU
		{68A4B49D-4D49-4273-B8A9-542851D8E1C7}.Release|x86.ActiveCfg = Release|Any CPU
		{68A4B49D-4D49-4273-B8A9-542851D8E1C7}.Release|x86.Build.0 = Release|Any CPU
		{79FB333A-0C18-4E2A-9ED2-8C88735B9353}.Debug|Any CPU.ActiveCfg = Debug|Any CPU
		{79FB333A-0C18-4E2A-9ED2-8C88735B9353}.Debug|Any CPU.Build.0 = Debug|Any CPU
		{79FB333A-0C18-4E2A-9ED2-8C88735B9353}.Debug|x64.ActiveCfg = Debug|Any CPU
		{79FB333A-0C18-4E2A-9ED2-8C88735B9353}.Debug|x64.Build.0 = Debug|Any CPU
		{79FB333A-0C18-4E2A-9ED2-8C88735B9353}.Debug|x86.ActiveCfg = Debug|Any CPU
		{79FB333A-0C18-4E2A-9ED2-8C88735B9353}.Debug|x86.Build.0 = Debug|Any CPU
		{79FB333A-0C18-4E2A-9ED2-8C88735B9353}.Release|Any CPU.ActiveCfg = Release|Any CPU
		{79FB333A-0C18-4E2A-9ED2-8C88735B9353}.Release|Any CPU.Build.0 = Release|Any CPU
		{79FB333A-0C18-4E2A-9ED2-8C88735B9353}.Release|x64.ActiveCfg = Release|Any CPU
		{79FB333A-0C18-4E2A-9ED2-8C88735B9353}.Release|x64.Build.0 = Release|Any CPU
		{79FB333A-0C18-4E2A-9ED2-8C88735B9353}.Release|x86.ActiveCfg = Release|Any CPU
		{79FB333A-0C18-4E2A-9ED2-8C88735B9353}.Release|x86.Build.0 = Release|Any CPU
	EndGlobalSection
	GlobalSection(SolutionProperties) = preSolution
		HideSolutionNode = FALSE
	EndGlobalSection
	GlobalSection(ExtensibilityGlobals) = postSolution
		SolutionGuid = {A28D93E0-9BDE-4DBD-8D51-8CB251FC6069}
	EndGlobalSection
EndGlobal
